// !$*UTF8*$!
{
	archiveVersion = 1;
	classes = {
	};
	objectVersion = 77;
	objects = {

/* Begin PBXBuildFile section */
		AA21BE992CE305780098695E /* TimeIntervalExtensionTests.swift in Sources */ = {isa = PBXBuildFile; fileRef = AA21BE982CE305780098695E /* TimeIntervalExtensionTests.swift */; };
		AA21BE9B2CE309AC0098695E /* DateExtensionTests.swift in Sources */ = {isa = PBXBuildFile; fileRef = AA21BE9A2CE309AC0098695E /* DateExtensionTests.swift */; };
		AA30E8452CDE90DF0095FFF8 /* GridHelperTests.swift in Sources */ = {isa = PBXBuildFile; fileRef = AA30E8432CDE90DF0095FFF8 /* GridHelperTests.swift */; };
		AA8795442CD0EFB2004D817E /* AWError.swift in Sources */ = {isa = PBXBuildFile; fileRef = AA8795322CD0EFB2004D817E /* AWError.swift */; };
		AA8795452CD0EFB2004D817E /* MindfulnessSession.swift in Sources */ = {isa = PBXBuildFile; fileRef = AA8795342CD0EFB2004D817E /* MindfulnessSession.swift */; };
		AA8795462CD0EFB2004D817E /* HKPermissionPrimer.swift in Sources */ = {isa = PBXBuildFile; fileRef = AA8795382CD0EFB2004D817E /* HKPermissionPrimer.swift */; };
		AA8795472CD0EFB2004D817E /* HealthKitService.swift in Sources */ = {isa = PBXBuildFile; fileRef = AA87953A2CD0EFB2004D817E /* HealthKitService.swift */; };
		AA8795492CD0EFB2004D817E /* AwareApp.swift in Sources */ = {isa = PBXBuildFile; fileRef = AA8795402CD0EFB2004D817E /* AwareApp.swift */; };
		AA87954A2CD0EFB2004D817E /* MindfulnessDashboard.swift in Sources */ = {isa = PBXBuildFile; fileRef = AA8795412CD0EFB2004D817E /* MindfulnessDashboard.swift */; };
		AA87954B2CD0EFB2004D817E /* HabitGrid.swift in Sources */ = {isa = PBXBuildFile; fileRef = AA8795422CD0EFB2004D817E /* HabitGrid.swift */; };
		AA87954C2CD0EFB2004D817E /* Preview Assets.xcassets in Resources */ = {isa = PBXBuildFile; fileRef = AA8795362CD0EFB2004D817E /* Preview Assets.xcassets */; };
		AA87954D2CD0EFB2004D817E /* Assets.xcassets in Resources */ = {isa = PBXBuildFile; fileRef = AA87953E2CD0EFB2004D817E /* Assets.xcassets */; };
		AA8795722CD0F563004D817E /* AWStyle.swift in Sources */ = {isa = PBXBuildFile; fileRef = AA8795712CD0F563004D817E /* AWStyle.swift */; };
		AA8795742CD14FA8004D817E /* DataTile.swift in Sources */ = {isa = PBXBuildFile; fileRef = AA8795732CD14FA8004D817E /* DataTile.swift */; };
		AA8795782CD1C223004D817E /* InsightTile.swift in Sources */ = {isa = PBXBuildFile; fileRef = AA8795772CD1C223004D817E /* InsightTile.swift */; };
		AA8795982CD1D628004D817E /* GaugeView.swift in Sources */ = {isa = PBXBuildFile; fileRef = AA8795972CD1D628004D817E /* GaugeView.swift */; };
		AAA4A1B72CDC4D3400461C25 /* SessionTimer.swift in Sources */ = {isa = PBXBuildFile; fileRef = AAA4A1B52CDC4D3400461C25 /* SessionTimer.swift */; };
		AAA4A1BC2CDC4D4F00461C25 /* Array+Ext.swift in Sources */ = {isa = PBXBuildFile; fileRef = AAA4A1B82CDC4D4F00461C25 /* Array+Ext.swift */; };
		AAA4A1BD2CDC4D4F00461C25 /* Date+Ext.swift in Sources */ = {isa = PBXBuildFile; fileRef = AAA4A1B92CDC4D4F00461C25 /* Date+Ext.swift */; };
		AAA4A1BE2CDC4D4F00461C25 /* TimeInterval+Ext.swift in Sources */ = {isa = PBXBuildFile; fileRef = AAA4A1BA2CDC4D4F00461C25 /* TimeInterval+Ext.swift */; };
		AAA4A1C02CDC4DA000461C25 /* SessionView.swift in Sources */ = {isa = PBXBuildFile; fileRef = AAA4A1BF2CDC4DA000461C25 /* SessionView.swift */; };
		AAA4A1C32CDC4E6B00461C25 /* DashboardView.swift in Sources */ = {isa = PBXBuildFile; fileRef = AAA4A1C22CDC4E6B00461C25 /* DashboardView.swift */; };
		AAA4A1C72CDC53A700461C25 /* GridHelper.swift in Sources */ = {isa = PBXBuildFile; fileRef = AAA4A1C62CDC53A700461C25 /* GridHelper.swift */; };
		AAA4A1C92CDC554800461C25 /* Color+Ext.swift in Sources */ = {isa = PBXBuildFile; fileRef = AAA4A1C82CDC554800461C25 /* Color+Ext.swift */; };
		AAD21C562CD519F400EB133C /* Algorithms in Frameworks */ = {isa = PBXBuildFile; productRef = AAD21C552CD519F400EB133C /* Algorithms */; };
		AAD21C582CD51AD700EB133C /* DailyMindfulness.swift in Sources */ = {isa = PBXBuildFile; fileRef = AAD21C572CD51AD700EB133C /* DailyMindfulness.swift */; };
		AAD21C5C2CD5269100EB133C /* MockData.swift in Sources */ = {isa = PBXBuildFile; fileRef = AAD21C5B2CD5269100EB133C /* MockData.swift */; };
		AAD21C6B2CD556DA00EB133C /* HealthKitData.swift in Sources */ = {isa = PBXBuildFile; fileRef = AAD21C6A2CD556DA00EB133C /* HealthKitData.swift */; };
		AAD21C6D2CD9463000EB133C /* MindfulMeshGradient.swift in Sources */ = {isa = PBXBuildFile; fileRef = AAD21C6C2CD9463000EB133C /* MindfulMeshGradient.swift */; };
/* End PBXBuildFile section */

/* Begin PBXContainerItemProxy section */
		AA30E83E2CDE90DA0095FFF8 /* PBXContainerItemProxy */ = {
			isa = PBXContainerItemProxy;
			containerPortal = AAEFD9B22CCC3EDE00A4A2DD /* Project object */;
			proxyType = 1;
			remoteGlobalIDString = AAEFD9B92CCC3EDE00A4A2DD;
			remoteInfo = Aware;
		};
/* End PBXContainerItemProxy section */

/* Begin PBXFileReference section */
		AA21BE982CE305780098695E /* TimeIntervalExtensionTests.swift */ = {isa = PBXFileReference; lastKnownFileType = sourcecode.swift; path = TimeIntervalExtensionTests.swift; sourceTree = "<group>"; };
		AA21BE9A2CE309AC0098695E /* DateExtensionTests.swift */ = {isa = PBXFileReference; lastKnownFileType = sourcecode.swift; path = DateExtensionTests.swift; sourceTree = "<group>"; };
		AA30E83A2CDE90DA0095FFF8 /* AwareTests.xctest */ = {isa = PBXFileReference; explicitFileType = wrapper.cfbundle; includeInIndex = 0; path = AwareTests.xctest; sourceTree = BUILT_PRODUCTS_DIR; };
		AA30E8432CDE90DF0095FFF8 /* GridHelperTests.swift */ = {isa = PBXFileReference; lastKnownFileType = sourcecode.swift; path = GridHelperTests.swift; sourceTree = "<group>"; };
		AA8795322CD0EFB2004D817E /* AWError.swift */ = {isa = PBXFileReference; lastKnownFileType = sourcecode.swift; path = AWError.swift; sourceTree = "<group>"; };
		AA8795342CD0EFB2004D817E /* MindfulnessSession.swift */ = {isa = PBXFileReference; lastKnownFileType = sourcecode.swift; path = MindfulnessSession.swift; sourceTree = "<group>"; };
		AA8795362CD0EFB2004D817E /* Preview Assets.xcassets */ = {isa = PBXFileReference; lastKnownFileType = folder.assetcatalog; path = "Preview Assets.xcassets"; sourceTree = "<group>"; };
		AA8795382CD0EFB2004D817E /* HKPermissionPrimer.swift */ = {isa = PBXFileReference; lastKnownFileType = sourcecode.swift; path = HKPermissionPrimer.swift; sourceTree = "<group>"; };
		AA87953A2CD0EFB2004D817E /* HealthKitService.swift */ = {isa = PBXFileReference; lastKnownFileType = sourcecode.swift; path = HealthKitService.swift; sourceTree = "<group>"; };
		AA87953E2CD0EFB2004D817E /* Assets.xcassets */ = {isa = PBXFileReference; lastKnownFileType = folder.assetcatalog; path = Assets.xcassets; sourceTree = "<group>"; };
		AA87953F2CD0EFB2004D817E /* Aware.entitlements */ = {isa = PBXFileReference; lastKnownFileType = text.plist.entitlements; path = Aware.entitlements; sourceTree = "<group>"; };
		AA8795402CD0EFB2004D817E /* AwareApp.swift */ = {isa = PBXFileReference; lastKnownFileType = sourcecode.swift; path = AwareApp.swift; sourceTree = "<group>"; };
		AA8795412CD0EFB2004D817E /* MindfulnessDashboard.swift */ = {isa = PBXFileReference; lastKnownFileType = sourcecode.swift; path = MindfulnessDashboard.swift; sourceTree = "<group>"; };
		AA8795422CD0EFB2004D817E /* HabitGrid.swift */ = {isa = PBXFileReference; lastKnownFileType = sourcecode.swift; path = HabitGrid.swift; sourceTree = "<group>"; };
		AA8795712CD0F563004D817E /* AWStyle.swift */ = {isa = PBXFileReference; lastKnownFileType = sourcecode.swift; path = AWStyle.swift; sourceTree = "<group>"; };
		AA8795732CD14FA8004D817E /* DataTile.swift */ = {isa = PBXFileReference; lastKnownFileType = sourcecode.swift; path = DataTile.swift; sourceTree = "<group>"; };
		AA8795772CD1C223004D817E /* InsightTile.swift */ = {isa = PBXFileReference; lastKnownFileType = sourcecode.swift; path = InsightTile.swift; sourceTree = "<group>"; };
		AA8795972CD1D628004D817E /* GaugeView.swift */ = {isa = PBXFileReference; lastKnownFileType = sourcecode.swift; path = GaugeView.swift; sourceTree = "<group>"; };
		AAA4A1B52CDC4D3400461C25 /* SessionTimer.swift */ = {isa = PBXFileReference; lastKnownFileType = sourcecode.swift; path = SessionTimer.swift; sourceTree = "<group>"; };
		AAA4A1B82CDC4D4F00461C25 /* Array+Ext.swift */ = {isa = PBXFileReference; lastKnownFileType = sourcecode.swift; path = "Array+Ext.swift"; sourceTree = "<group>"; };
		AAA4A1B92CDC4D4F00461C25 /* Date+Ext.swift */ = {isa = PBXFileReference; lastKnownFileType = sourcecode.swift; path = "Date+Ext.swift"; sourceTree = "<group>"; };
		AAA4A1BA2CDC4D4F00461C25 /* TimeInterval+Ext.swift */ = {isa = PBXFileReference; lastKnownFileType = sourcecode.swift; path = "TimeInterval+Ext.swift"; sourceTree = "<group>"; };
		AAA4A1BF2CDC4DA000461C25 /* SessionView.swift */ = {isa = PBXFileReference; lastKnownFileType = sourcecode.swift; path = SessionView.swift; sourceTree = "<group>"; };
		AAA4A1C22CDC4E6B00461C25 /* DashboardView.swift */ = {isa = PBXFileReference; lastKnownFileType = sourcecode.swift; path = DashboardView.swift; sourceTree = "<group>"; };
		AAA4A1C62CDC53A700461C25 /* GridHelper.swift */ = {isa = PBXFileReference; lastKnownFileType = sourcecode.swift; path = GridHelper.swift; sourceTree = "<group>"; };
		AAA4A1C82CDC554800461C25 /* Color+Ext.swift */ = {isa = PBXFileReference; lastKnownFileType = sourcecode.swift; path = "Color+Ext.swift"; sourceTree = "<group>"; };
		AAD21C572CD51AD700EB133C /* DailyMindfulness.swift */ = {isa = PBXFileReference; lastKnownFileType = sourcecode.swift; path = DailyMindfulness.swift; sourceTree = "<group>"; };
		AAD21C5B2CD5269100EB133C /* MockData.swift */ = {isa = PBXFileReference; lastKnownFileType = sourcecode.swift; path = MockData.swift; sourceTree = "<group>"; };
		AAD21C6A2CD556DA00EB133C /* HealthKitData.swift */ = {isa = PBXFileReference; lastKnownFileType = sourcecode.swift; path = HealthKitData.swift; sourceTree = "<group>"; };
		AAD21C6C2CD9463000EB133C /* MindfulMeshGradient.swift */ = {isa = PBXFileReference; lastKnownFileType = sourcecode.swift; path = MindfulMeshGradient.swift; sourceTree = "<group>"; };
		AAEFD9BA2CCC3EDE00A4A2DD /* Aware.app */ = {isa = PBXFileReference; explicitFileType = wrapper.application; includeInIndex = 0; path = Aware.app; sourceTree = BUILT_PRODUCTS_DIR; };
/* End PBXFileReference section */

/* Begin PBXFrameworksBuildPhase section */
		AA30E8372CDE90DA0095FFF8 /* Frameworks */ = {
			isa = PBXFrameworksBuildPhase;
			buildActionMask = 2147483647;
			files = (
			);
			runOnlyForDeploymentPostprocessing = 0;
		};
		AAEFD9B72CCC3EDE00A4A2DD /* Frameworks */ = {
			isa = PBXFrameworksBuildPhase;
			buildActionMask = 2147483647;
			files = (
				AAD21C562CD519F400EB133C /* Algorithms in Frameworks */,
			);
			runOnlyForDeploymentPostprocessing = 0;
		};
/* End PBXFrameworksBuildPhase section */

/* Begin PBXGroup section */
		AA30E8442CDE90DF0095FFF8 /* AwareTests */ = {
			isa = PBXGroup;
			children = (
				AA30E8432CDE90DF0095FFF8 /* GridHelperTests.swift */,
				AA21BE982CE305780098695E /* TimeIntervalExtensionTests.swift */,
				AA21BE9A2CE309AC0098695E /* DateExtensionTests.swift */,
			);
			path = AwareTests;
			sourceTree = "<group>";
		};
		AA8795332CD0EFB2004D817E /* Errors */ = {
			isa = PBXGroup;
			children = (
				AA8795322CD0EFB2004D817E /* AWError.swift */,
			);
			path = Errors;
			sourceTree = "<group>";
		};
		AA8795352CD0EFB2004D817E /* Model */ = {
			isa = PBXGroup;
			children = (
				AA8795342CD0EFB2004D817E /* MindfulnessSession.swift */,
				AAD21C6A2CD556DA00EB133C /* HealthKitData.swift */,
				AAD21C572CD51AD700EB133C /* DailyMindfulness.swift */,
				AAD21C5B2CD5269100EB133C /* MockData.swift */,
			);
			path = Model;
			sourceTree = "<group>";
		};
		AA8795372CD0EFB2004D817E /* Preview Content */ = {
			isa = PBXGroup;
			children = (
				AA8795362CD0EFB2004D817E /* Preview Assets.xcassets */,
			);
			path = "Preview Content";
			sourceTree = "<group>";
		};
		AA8795392CD0EFB2004D817E /* Screens */ = {
			isa = PBXGroup;
			children = (
				AA8795382CD0EFB2004D817E /* HKPermissionPrimer.swift */,
				AA8795412CD0EFB2004D817E /* MindfulnessDashboard.swift */,
			);
			path = Screens;
			sourceTree = "<group>";
		};
		AA87953B2CD0EFB2004D817E /* Services */ = {
			isa = PBXGroup;
			children = (
				AA87953A2CD0EFB2004D817E /* HealthKitService.swift */,
			);
			path = Services;
			sourceTree = "<group>";
		};
		AA87953D2CD0EFB2004D817E /* Utilities */ = {
			isa = PBXGroup;
			children = (
				AA8795712CD0F563004D817E /* AWStyle.swift */,
				AAA4A1BB2CDC4D4F00461C25 /* Extensions */,
				AA8795332CD0EFB2004D817E /* Errors */,
			);
			path = Utilities;
			sourceTree = "<group>";
		};
		AA8795432CD0EFB2004D817E /* Aware */ = {
			isa = PBXGroup;
			children = (
				AA8795402CD0EFB2004D817E /* AwareApp.swift */,
				AA8795502CD0F023004D817E /* Components */,
				AAA4A1C12CDC4E4A00461C25 /* Dashboard */,
				AAA4A1C52CDC539400461C25 /* Grid */,
				AA8795352CD0EFB2004D817E /* Model */,
				AA8795392CD0EFB2004D817E /* Screens */,
				AAA4A1B62CDC4D3400461C25 /* Session */,
				AA87953B2CD0EFB2004D817E /* Services */,
				AA87953D2CD0EFB2004D817E /* Utilities */,
				AA8795372CD0EFB2004D817E /* Preview Content */,
				AA87953E2CD0EFB2004D817E /* Assets.xcassets */,
				AA87953F2CD0EFB2004D817E /* Aware.entitlements */,
			);
			path = Aware;
			sourceTree = "<group>";
		};
		AA8795502CD0F023004D817E /* Components */ = {
			isa = PBXGroup;
			children = (
				AA8795732CD14FA8004D817E /* DataTile.swift */,
				AA8795772CD1C223004D817E /* InsightTile.swift */,
				AA8795972CD1D628004D817E /* GaugeView.swift */,
				AAD21C6C2CD9463000EB133C /* MindfulMeshGradient.swift */,
			);
			path = Components;
			sourceTree = "<group>";
		};
		AAA4A1B62CDC4D3400461C25 /* Session */ = {
			isa = PBXGroup;
			children = (
				AAA4A1B52CDC4D3400461C25 /* SessionTimer.swift */,
				AAA4A1BF2CDC4DA000461C25 /* SessionView.swift */,
			);
			path = Session;
			sourceTree = "<group>";
		};
		AAA4A1BB2CDC4D4F00461C25 /* Extensions */ = {
			isa = PBXGroup;
			children = (
				AAA4A1B82CDC4D4F00461C25 /* Array+Ext.swift */,
				AAA4A1B92CDC4D4F00461C25 /* Date+Ext.swift */,
				AAA4A1C82CDC554800461C25 /* Color+Ext.swift */,
				AAA4A1BA2CDC4D4F00461C25 /* TimeInterval+Ext.swift */,
			);
			path = Extensions;
			sourceTree = "<group>";
		};
		AAA4A1C12CDC4E4A00461C25 /* Dashboard */ = {
			isa = PBXGroup;
			children = (
				AAA4A1C22CDC4E6B00461C25 /* DashboardView.swift */,
			);
			path = Dashboard;
			sourceTree = "<group>";
		};
		AAA4A1C52CDC539400461C25 /* Grid */ = {
			isa = PBXGroup;
			children = (
				AA8795422CD0EFB2004D817E /* HabitGrid.swift */,
				AAA4A1C62CDC53A700461C25 /* GridHelper.swift */,
			);
			path = Grid;
			sourceTree = "<group>";
		};
		AAEFD9B12CCC3EDE00A4A2DD = {
			isa = PBXGroup;
			children = (
				AA8795432CD0EFB2004D817E /* Aware */,
				AA30E8442CDE90DF0095FFF8 /* AwareTests */,
				AAEFD9BB2CCC3EDE00A4A2DD /* Products */,
			);
			sourceTree = "<group>";
		};
		AAEFD9BB2CCC3EDE00A4A2DD /* Products */ = {
			isa = PBXGroup;
			children = (
				AAEFD9BA2CCC3EDE00A4A2DD /* Aware.app */,
				AA30E83A2CDE90DA0095FFF8 /* AwareTests.xctest */,
			);
			name = Products;
			sourceTree = "<group>";
		};
/* End PBXGroup section */

/* Begin PBXNativeTarget section */
		AA30E8392CDE90DA0095FFF8 /* AwareTests */ = {
			isa = PBXNativeTarget;
			buildConfigurationList = AA30E8422CDE90DA0095FFF8 /* Build configuration list for PBXNativeTarget "AwareTests" */;
			buildPhases = (
				AA30E8362CDE90DA0095FFF8 /* Sources */,
				AA30E8372CDE90DA0095FFF8 /* Frameworks */,
				AA30E8382CDE90DA0095FFF8 /* Resources */,
			);
			buildRules = (
			);
			dependencies = (
				AA30E83F2CDE90DA0095FFF8 /* PBXTargetDependency */,
			);
			name = AwareTests;
			packageProductDependencies = (
			);
			productName = AwareTests;
			productReference = AA30E83A2CDE90DA0095FFF8 /* AwareTests.xctest */;
			productType = "com.apple.product-type.bundle.unit-test";
		};
		AAEFD9B92CCC3EDE00A4A2DD /* Aware */ = {
			isa = PBXNativeTarget;
			buildConfigurationList = AAEFD9C82CCC3EE000A4A2DD /* Build configuration list for PBXNativeTarget "Aware" */;
			buildPhases = (
				AAEFD9B62CCC3EDE00A4A2DD /* Sources */,
				AAEFD9B72CCC3EDE00A4A2DD /* Frameworks */,
				AAEFD9B82CCC3EDE00A4A2DD /* Resources */,
			);
			buildRules = (
			);
			dependencies = (
			);
			name = Aware;
			packageProductDependencies = (
				AAD21C552CD519F400EB133C /* Algorithms */,
			);
			productName = Aware;
			productReference = AAEFD9BA2CCC3EDE00A4A2DD /* Aware.app */;
			productType = "com.apple.product-type.application";
		};
/* End PBXNativeTarget section */

/* Begin PBXProject section */
		AAEFD9B22CCC3EDE00A4A2DD /* Project object */ = {
			isa = PBXProject;
			attributes = {
				BuildIndependentTargetsInParallel = 1;
				LastSwiftUpdateCheck = 1610;
				LastUpgradeCheck = 1600;
				TargetAttributes = {
					AA30E8392CDE90DA0095FFF8 = {
						CreatedOnToolsVersion = 16.1;
						TestTargetID = AAEFD9B92CCC3EDE00A4A2DD;
					};
					AAEFD9B92CCC3EDE00A4A2DD = {
						CreatedOnToolsVersion = 16.0;
					};
				};
			};
			buildConfigurationList = AAEFD9B52CCC3EDE00A4A2DD /* Build configuration list for PBXProject "Aware" */;
			developmentRegion = en;
			hasScannedForEncodings = 0;
			knownRegions = (
				en,
				Base,
			);
			mainGroup = AAEFD9B12CCC3EDE00A4A2DD;
			minimizedProjectReferenceProxies = 1;
			packageReferences = (
				AAD21C542CD519F400EB133C /* XCRemoteSwiftPackageReference "swift-algorithms" */,
			);
			preferredProjectObjectVersion = 77;
			productRefGroup = AAEFD9BB2CCC3EDE00A4A2DD /* Products */;
			projectDirPath = "";
			projectRoot = "";
			targets = (
				AAEFD9B92CCC3EDE00A4A2DD /* Aware */,
				AA30E8392CDE90DA0095FFF8 /* AwareTests */,
			);
		};
/* End PBXProject section */

/* Begin PBXResourcesBuildPhase section */
		AA30E8382CDE90DA0095FFF8 /* Resources */ = {
			isa = PBXResourcesBuildPhase;
			buildActionMask = 2147483647;
			files = (
			);
			runOnlyForDeploymentPostprocessing = 0;
		};
		AAEFD9B82CCC3EDE00A4A2DD /* Resources */ = {
			isa = PBXResourcesBuildPhase;
			buildActionMask = 2147483647;
			files = (
				AA87954C2CD0EFB2004D817E /* Preview Assets.xcassets in Resources */,
				AA87954D2CD0EFB2004D817E /* Assets.xcassets in Resources */,
			);
			runOnlyForDeploymentPostprocessing = 0;
		};
/* End PBXResourcesBuildPhase section */

/* Begin PBXSourcesBuildPhase section */
		AA30E8362CDE90DA0095FFF8 /* Sources */ = {
			isa = PBXSourcesBuildPhase;
			buildActionMask = 2147483647;
			files = (
				AA21BE992CE305780098695E /* TimeIntervalExtensionTests.swift in Sources */,
				AA21BE9B2CE309AC0098695E /* DateExtensionTests.swift in Sources */,
				AA30E8452CDE90DF0095FFF8 /* GridHelperTests.swift in Sources */,
			);
			runOnlyForDeploymentPostprocessing = 0;
		};
		AAEFD9B62CCC3EDE00A4A2DD /* Sources */ = {
			isa = PBXSourcesBuildPhase;
			buildActionMask = 2147483647;
			files = (
				AA8795442CD0EFB2004D817E /* AWError.swift in Sources */,
				AA8795782CD1C223004D817E /* InsightTile.swift in Sources */,
				AAA4A1B72CDC4D3400461C25 /* SessionTimer.swift in Sources */,
				AAD21C582CD51AD700EB133C /* DailyMindfulness.swift in Sources */,
				AA8795742CD14FA8004D817E /* DataTile.swift in Sources */,
				AAA4A1C92CDC554800461C25 /* Color+Ext.swift in Sources */,
				AAD21C6B2CD556DA00EB133C /* HealthKitData.swift in Sources */,
				AAA4A1C02CDC4DA000461C25 /* SessionView.swift in Sources */,
				AAA4A1C72CDC53A700461C25 /* GridHelper.swift in Sources */,
				AA8795452CD0EFB2004D817E /* MindfulnessSession.swift in Sources */,
				AAD21C6D2CD9463000EB133C /* MindfulMeshGradient.swift in Sources */,
				AA8795462CD0EFB2004D817E /* HKPermissionPrimer.swift in Sources */,
				AA8795982CD1D628004D817E /* GaugeView.swift in Sources */,
				AA8795472CD0EFB2004D817E /* HealthKitService.swift in Sources */,
				AA8795492CD0EFB2004D817E /* AwareApp.swift in Sources */,
				AA87954A2CD0EFB2004D817E /* MindfulnessDashboard.swift in Sources */,
				AAD21C5C2CD5269100EB133C /* MockData.swift in Sources */,
				AAA4A1BC2CDC4D4F00461C25 /* Array+Ext.swift in Sources */,
				AAA4A1C32CDC4E6B00461C25 /* DashboardView.swift in Sources */,
				AAA4A1BD2CDC4D4F00461C25 /* Date+Ext.swift in Sources */,
				AAA4A1BE2CDC4D4F00461C25 /* TimeInterval+Ext.swift in Sources */,
				AA8795722CD0F563004D817E /* AWStyle.swift in Sources */,
				AA87954B2CD0EFB2004D817E /* HabitGrid.swift in Sources */,
			);
			runOnlyForDeploymentPostprocessing = 0;
		};
/* End PBXSourcesBuildPhase section */

/* Begin PBXTargetDependency section */
		AA30E83F2CDE90DA0095FFF8 /* PBXTargetDependency */ = {
			isa = PBXTargetDependency;
			target = AAEFD9B92CCC3EDE00A4A2DD /* Aware */;
			targetProxy = AA30E83E2CDE90DA0095FFF8 /* PBXContainerItemProxy */;
		};
/* End PBXTargetDependency section */

/* Begin XCBuildConfiguration section */
		AA30E8402CDE90DA0095FFF8 /* Debug */ = {
			isa = XCBuildConfiguration;
			buildSettings = {
				BUNDLE_LOADER = "$(TEST_HOST)";
				CODE_SIGN_STYLE = Automatic;
				CURRENT_PROJECT_VERSION = 1;
				DEVELOPMENT_TEAM = N6RF4M6NH8;
				GENERATE_INFOPLIST_FILE = YES;
				IPHONEOS_DEPLOYMENT_TARGET = 18.1;
				MARKETING_VERSION = 1.0;
				PRODUCT_BUNDLE_IDENTIFIER = com.christianlavelle.AwareTests;
				PRODUCT_NAME = "$(TARGET_NAME)";
				SWIFT_EMIT_LOC_STRINGS = NO;
				SWIFT_VERSION = 5.0;
				TARGETED_DEVICE_FAMILY = "1,2";
				TEST_HOST = "$(BUILT_PRODUCTS_DIR)/Aware.app/$(BUNDLE_EXECUTABLE_FOLDER_PATH)/Aware";
			};
			name = Debug;
		};
		AA30E8412CDE90DA0095FFF8 /* Release */ = {
			isa = XCBuildConfiguration;
			buildSettings = {
				BUNDLE_LOADER = "$(TEST_HOST)";
				CODE_SIGN_STYLE = Automatic;
				CURRENT_PROJECT_VERSION = 1;
				DEVELOPMENT_TEAM = N6RF4M6NH8;
				GENERATE_INFOPLIST_FILE = YES;
				IPHONEOS_DEPLOYMENT_TARGET = 18.1;
				MARKETING_VERSION = 1.0;
				PRODUCT_BUNDLE_IDENTIFIER = com.christianlavelle.AwareTests;
				PRODUCT_NAME = "$(TARGET_NAME)";
				SWIFT_EMIT_LOC_STRINGS = NO;
				SWIFT_VERSION = 5.0;
				TARGETED_DEVICE_FAMILY = "1,2";
				TEST_HOST = "$(BUILT_PRODUCTS_DIR)/Aware.app/$(BUNDLE_EXECUTABLE_FOLDER_PATH)/Aware";
			};
			name = Release;
		};
		AAEFD9C62CCC3EE000A4A2DD /* Debug */ = {
			isa = XCBuildConfiguration;
			buildSettings = {
				ALWAYS_SEARCH_USER_PATHS = NO;
				ASSETCATALOG_COMPILER_GENERATE_SWIFT_ASSET_SYMBOL_EXTENSIONS = YES;
				CLANG_ANALYZER_NONNULL = YES;
				CLANG_ANALYZER_NUMBER_OBJECT_CONVERSION = YES_AGGRESSIVE;
				CLANG_CXX_LANGUAGE_STANDARD = "gnu++20";
				CLANG_ENABLE_MODULES = YES;
				CLANG_ENABLE_OBJC_ARC = YES;
				CLANG_ENABLE_OBJC_WEAK = YES;
				CLANG_WARN_BLOCK_CAPTURE_AUTORELEASING = YES;
				CLANG_WARN_BOOL_CONVERSION = YES;
				CLANG_WARN_COMMA = YES;
				CLANG_WARN_CONSTANT_CONVERSION = YES;
				CLANG_WARN_DEPRECATED_OBJC_IMPLEMENTATIONS = YES;
				CLANG_WARN_DIRECT_OBJC_ISA_USAGE = YES_ERROR;
				CLANG_WARN_DOCUMENTATION_COMMENTS = YES;
				CLANG_WARN_EMPTY_BODY = YES;
				CLANG_WARN_ENUM_CONVERSION = YES;
				CLANG_WARN_INFINITE_RECURSION = YES;
				CLANG_WARN_INT_CONVERSION = YES;
				CLANG_WARN_NON_LITERAL_NULL_CONVERSION = YES;
				CLANG_WARN_OBJC_IMPLICIT_RETAIN_SELF = YES;
				CLANG_WARN_OBJC_LITERAL_CONVERSION = YES;
				CLANG_WARN_OBJC_ROOT_CLASS = YES_ERROR;
				CLANG_WARN_QUOTED_INCLUDE_IN_FRAMEWORK_HEADER = YES;
				CLANG_WARN_RANGE_LOOP_ANALYSIS = YES;
				CLANG_WARN_STRICT_PROTOTYPES = YES;
				CLANG_WARN_SUSPICIOUS_MOVE = YES;
				CLANG_WARN_UNGUARDED_AVAILABILITY = YES_AGGRESSIVE;
				CLANG_WARN_UNREACHABLE_CODE = YES;
				CLANG_WARN__DUPLICATE_METHOD_MATCH = YES;
				COPY_PHASE_STRIP = NO;
				DEBUG_INFORMATION_FORMAT = dwarf;
				ENABLE_STRICT_OBJC_MSGSEND = YES;
				ENABLE_TESTABILITY = YES;
				ENABLE_USER_SCRIPT_SANDBOXING = YES;
				GCC_C_LANGUAGE_STANDARD = gnu17;
				GCC_DYNAMIC_NO_PIC = NO;
				GCC_NO_COMMON_BLOCKS = YES;
				GCC_OPTIMIZATION_LEVEL = 0;
				GCC_PREPROCESSOR_DEFINITIONS = (
					"DEBUG=1",
					"$(inherited)",
				);
				GCC_WARN_64_TO_32_BIT_CONVERSION = YES;
				GCC_WARN_ABOUT_RETURN_TYPE = YES_ERROR;
				GCC_WARN_UNDECLARED_SELECTOR = YES;
				GCC_WARN_UNINITIALIZED_AUTOS = YES_AGGRESSIVE;
				GCC_WARN_UNUSED_FUNCTION = YES;
				GCC_WARN_UNUSED_VARIABLE = YES;
				IPHONEOS_DEPLOYMENT_TARGET = 18.0;
				LOCALIZATION_PREFERS_STRING_CATALOGS = YES;
				MTL_ENABLE_DEBUG_INFO = INCLUDE_SOURCE;
				MTL_FAST_MATH = YES;
				ONLY_ACTIVE_ARCH = YES;
				SDKROOT = iphoneos;
				SWIFT_ACTIVE_COMPILATION_CONDITIONS = "DEBUG $(inherited)";
				SWIFT_OPTIMIZATION_LEVEL = "-Onone";
			};
			name = Debug;
		};
		AAEFD9C72CCC3EE000A4A2DD /* Release */ = {
			isa = XCBuildConfiguration;
			buildSettings = {
				ALWAYS_SEARCH_USER_PATHS = NO;
				ASSETCATALOG_COMPILER_GENERATE_SWIFT_ASSET_SYMBOL_EXTENSIONS = YES;
				CLANG_ANALYZER_NONNULL = YES;
				CLANG_ANALYZER_NUMBER_OBJECT_CONVERSION = YES_AGGRESSIVE;
				CLANG_CXX_LANGUAGE_STANDARD = "gnu++20";
				CLANG_ENABLE_MODULES = YES;
				CLANG_ENABLE_OBJC_ARC = YES;
				CLANG_ENABLE_OBJC_WEAK = YES;
				CLANG_WARN_BLOCK_CAPTURE_AUTORELEASING = YES;
				CLANG_WARN_BOOL_CONVERSION = YES;
				CLANG_WARN_COMMA = YES;
				CLANG_WARN_CONSTANT_CONVERSION = YES;
				CLANG_WARN_DEPRECATED_OBJC_IMPLEMENTATIONS = YES;
				CLANG_WARN_DIRECT_OBJC_ISA_USAGE = YES_ERROR;
				CLANG_WARN_DOCUMENTATION_COMMENTS = YES;
				CLANG_WARN_EMPTY_BODY = YES;
				CLANG_WARN_ENUM_CONVERSION = YES;
				CLANG_WARN_INFINITE_RECURSION = YES;
				CLANG_WARN_INT_CONVERSION = YES;
				CLANG_WARN_NON_LITERAL_NULL_CONVERSION = YES;
				CLANG_WARN_OBJC_IMPLICIT_RETAIN_SELF = YES;
				CLANG_WARN_OBJC_LITERAL_CONVERSION = YES;
				CLANG_WARN_OBJC_ROOT_CLASS = YES_ERROR;
				CLANG_WARN_QUOTED_INCLUDE_IN_FRAMEWORK_HEADER = YES;
				CLANG_WARN_RANGE_LOOP_ANALYSIS = YES;
				CLANG_WARN_STRICT_PROTOTYPES = YES;
				CLANG_WARN_SUSPICIOUS_MOVE = YES;
				CLANG_WARN_UNGUARDED_AVAILABILITY = YES_AGGRESSIVE;
				CLANG_WARN_UNREACHABLE_CODE = YES;
				CLANG_WARN__DUPLICATE_METHOD_MATCH = YES;
				COPY_PHASE_STRIP = NO;
				DEBUG_INFORMATION_FORMAT = "dwarf-with-dsym";
				ENABLE_NS_ASSERTIONS = NO;
				ENABLE_STRICT_OBJC_MSGSEND = YES;
				ENABLE_USER_SCRIPT_SANDBOXING = YES;
				GCC_C_LANGUAGE_STANDARD = gnu17;
				GCC_NO_COMMON_BLOCKS = YES;
				GCC_WARN_64_TO_32_BIT_CONVERSION = YES;
				GCC_WARN_ABOUT_RETURN_TYPE = YES_ERROR;
				GCC_WARN_UNDECLARED_SELECTOR = YES;
				GCC_WARN_UNINITIALIZED_AUTOS = YES_AGGRESSIVE;
				GCC_WARN_UNUSED_FUNCTION = YES;
				GCC_WARN_UNUSED_VARIABLE = YES;
				IPHONEOS_DEPLOYMENT_TARGET = 18.0;
				LOCALIZATION_PREFERS_STRING_CATALOGS = YES;
				MTL_ENABLE_DEBUG_INFO = NO;
				MTL_FAST_MATH = YES;
				SDKROOT = iphoneos;
				SWIFT_COMPILATION_MODE = wholemodule;
				VALIDATE_PRODUCT = YES;
			};
			name = Release;
		};
		AAEFD9C92CCC3EE000A4A2DD /* Debug */ = {
			isa = XCBuildConfiguration;
			buildSettings = {
				ASSETCATALOG_COMPILER_APPICON_NAME = AppIcon;
				ASSETCATALOG_COMPILER_GLOBAL_ACCENT_COLOR_NAME = AccentColor;
				CODE_SIGN_ENTITLEMENTS = Aware/Aware.entitlements;
				CODE_SIGN_STYLE = Automatic;
				CURRENT_PROJECT_VERSION = 1;
				DEVELOPMENT_ASSET_PATHS = "\"Aware/Preview Content\"";
				DEVELOPMENT_TEAM = N6RF4M6NH8;
				ENABLE_PREVIEWS = YES;
				GENERATE_INFOPLIST_FILE = YES;
				INFOPLIST_KEY_NSHealthShareUsageDescription = "Allow 'Aware` to read data from Health.";
				INFOPLIST_KEY_NSHealthUpdateUsageDescription = "Allow `Aware` to add data to Health.";
				INFOPLIST_KEY_UIApplicationSceneManifest_Generation = YES;
				INFOPLIST_KEY_UIApplicationSupportsIndirectInputEvents = YES;
				INFOPLIST_KEY_UILaunchScreen_Generation = YES;
				INFOPLIST_KEY_UISupportedInterfaceOrientations_iPad = "UIInterfaceOrientationPortrait UIInterfaceOrientationPortraitUpsideDown UIInterfaceOrientationLandscapeLeft UIInterfaceOrientationLandscapeRight";
				INFOPLIST_KEY_UISupportedInterfaceOrientations_iPhone = "UIInterfaceOrientationPortrait UIInterfaceOrientationLandscapeLeft UIInterfaceOrientationLandscapeRight";
				LD_RUNPATH_SEARCH_PATHS = (
					"$(inherited)",
					"@executable_path/Frameworks",
				);
				MARKETING_VERSION = 1.0;
				PRODUCT_BUNDLE_IDENTIFIER = com.christianlavelle.Aware;
				PRODUCT_NAME = "$(TARGET_NAME)";
				SWIFT_EMIT_LOC_STRINGS = YES;
				SWIFT_VERSION = 6.0;
				TARGETED_DEVICE_FAMILY = "1,2";
			};
			name = Debug;
		};
		AAEFD9CA2CCC3EE000A4A2DD /* Release */ = {
			isa = XCBuildConfiguration;
			buildSettings = {
				ASSETCATALOG_COMPILER_APPICON_NAME = AppIcon;
				ASSETCATALOG_COMPILER_GLOBAL_ACCENT_COLOR_NAME = AccentColor;
				CODE_SIGN_ENTITLEMENTS = Aware/Aware.entitlements;
				CODE_SIGN_STYLE = Automatic;
				CURRENT_PROJECT_VERSION = 1;
				DEVELOPMENT_ASSET_PATHS = "\"Aware/Preview Content\"";
				DEVELOPMENT_TEAM = N6RF4M6NH8;
				ENABLE_PREVIEWS = YES;
				GENERATE_INFOPLIST_FILE = YES;
				INFOPLIST_KEY_NSHealthShareUsageDescription = "Allow 'Aware` to read data from Health.";
				INFOPLIST_KEY_NSHealthUpdateUsageDescription = "Allow `Aware` to add data to Health.";
				INFOPLIST_KEY_UIApplicationSceneManifest_Generation = YES;
				INFOPLIST_KEY_UIApplicationSupportsIndirectInputEvents = YES;
				INFOPLIST_KEY_UILaunchScreen_Generation = YES;
				INFOPLIST_KEY_UISupportedInterfaceOrientations_iPad = "UIInterfaceOrientationPortrait UIInterfaceOrientationPortraitUpsideDown UIInterfaceOrientationLandscapeLeft UIInterfaceOrientationLandscapeRight";
				INFOPLIST_KEY_UISupportedInterfaceOrientations_iPhone = "UIInterfaceOrientationPortrait UIInterfaceOrientationLandscapeLeft UIInterfaceOrientationLandscapeRight";
				LD_RUNPATH_SEARCH_PATHS = (
					"$(inherited)",
					"@executable_path/Frameworks",
				);
				MARKETING_VERSION = 1.0;
				PRODUCT_BUNDLE_IDENTIFIER = com.christianlavelle.Aware;
				PRODUCT_NAME = "$(TARGET_NAME)";
				SWIFT_EMIT_LOC_STRINGS = YES;
				SWIFT_VERSION = 6.0;
				TARGETED_DEVICE_FAMILY = "1,2";
			};
			name = Release;
		};
/* End XCBuildConfiguration section */

/* Begin XCConfigurationList section */
		AA30E8422CDE90DA0095FFF8 /* Build configuration list for PBXNativeTarget "AwareTests" */ = {
			isa = XCConfigurationList;
			buildConfigurations = (
				AA30E8402CDE90DA0095FFF8 /* Debug */,
				AA30E8412CDE90DA0095FFF8 /* Release */,
			);
			defaultConfigurationIsVisible = 0;
			defaultConfigurationName = Release;
		};
		AAEFD9B52CCC3EDE00A4A2DD /* Build configuration list for PBXProject "Aware" */ = {
			isa = XCConfigurationList;
			buildConfigurations = (
				AAEFD9C62CCC3EE000A4A2DD /* Debug */,
				AAEFD9C72CCC3EE000A4A2DD /* Release */,
			);
			defaultConfigurationIsVisible = 0;
			defaultConfigurationName = Release;
		};
		AAEFD9C82CCC3EE000A4A2DD /* Build configuration list for PBXNativeTarget "Aware" */ = {
			isa = XCConfigurationList;
			buildConfigurations = (
				AAEFD9C92CCC3EE000A4A2DD /* Debug */,
				AAEFD9CA2CCC3EE000A4A2DD /* Release */,
			);
			defaultConfigurationIsVisible = 0;
			defaultConfigurationName = Release;
		};
/* End XCConfigurationList section */

/* Begin XCRemoteSwiftPackageReference section */
		AAD21C542CD519F400EB133C /* XCRemoteSwiftPackageReference "swift-algorithms" */ = {
			isa = XCRemoteSwiftPackageReference;
			repositoryURL = "https://github.com/apple/swift-algorithms.git";
			requirement = {
				kind = upToNextMajorVersion;
				minimumVersion = 1.2.0;
			};
		};
/* End XCRemoteSwiftPackageReference section */

/* Begin XCSwiftPackageProductDependency section */
		AAD21C552CD519F400EB133C /* Algorithms */ = {
			isa = XCSwiftPackageProductDependency;
			package = AAD21C542CD519F400EB133C /* XCRemoteSwiftPackageReference "swift-algorithms" */;
			productName = Algorithms;
		};
/* End XCSwiftPackageProductDependency section */
	};
	rootObject = AAEFD9B22CCC3EDE00A4A2DD /* Project object */;
}
